
Microsoft Visual Studio Solution File, Format Version 12.00
# Visual Studio Version 16
VisualStudioVersion = 16.0.31205.134
MinimumVisualStudioVersion = 10.0.40219.1
Project("{FAE04EC0-301F-11D3-BF4B-00C04F79EFBC}") = "Lab_6_Sem_2", "Lab_6_Sem_2\Lab_6_Sem_2.csproj", "{F3677411-C2CF-4896-8E5E-323B381AE25E}"
EndProject
Global
	GlobalSection(SolutionConfigurationPlatforms) = preSolution
		Debug|Any CPU = Debug|Any CPU
		Release|Any CPU = Release|Any CPU
	EndGlobalSection
	GlobalSection(ProjectConfigurationPlatforms) = postSolution
		{F3677411-C2CF-4896-8E5E-323B381AE25E}.Debug|Any CPU.ActiveCfg = Debug|Any CPU
		{F3677411-C2CF-4896-8E5E-323B381AE25E}.Debug|Any CPU.Build.0 = Debug|Any CPU
		{F3677411-C2CF-4896-8E5E-323B381AE25E}.Release|Any CPU.ActiveCfg = Release|Any CPU
		{F3677411-C2CF-4896-8E5E-323B381AE25E}.Release|Any CPU.Build.0 = Release|Any CPU
	EndGlobalSection
	GlobalSection(SolutionProperties) = preSolution
		HideSolutionNode = FALSE
	EndGlobalSection
	GlobalSection(ExtensibilityGlobals) = postSolution
		SolutionGuid = {E6351D15-84E8-47AE-9EEA-70E238932A34}
	EndGlobalSection
EndGlobal
